
Microsoft Visual Studio Solution File, Format Version 12.00
# Visual Studio Version 16
VisualStudioVersion = 16.0.30011.22
MinimumVisualStudioVersion = 10.0.40219.1
Project("{FAE04EC0-301F-11D3-BF4B-00C04F79EFBC}") = "Optional", "Optional.csproj", "{C8D6B405-6789-4222-B8A2-BAA9B4F66236}"
EndProject
Project("{FAE04EC0-301F-11D3-BF4B-00C04F79EFBC}") = "OptionalUnitTests", "..\OptionalUnitTests\OptionalUnitTests.csproj", "{C6591074-28B7-4306-95F4-CEBF98AA54FE}"
EndProject
Global
	GlobalSection(SolutionConfigurationPlatforms) = preSolution
		Debug|Any CPU = Debug|Any CPU
		Release|Any CPU = Release|Any CPU
	EndGlobalSection
	GlobalSection(ProjectConfigurationPlatforms) = postSolution
		{C8D6B405-6789-4222-B8A2-BAA9B4F66236}.Debug|Any CPU.ActiveCfg = Debug|Any CPU
		{C8D6B405-6789-4222-B8A2-BAA9B4F66236}.Debug|Any CPU.Build.0 = Debug|Any CPU
		{C8D6B405-6789-4222-B8A2-BAA9B4F66236}.Release|Any CPU.ActiveCfg = Release|Any CPU
		{C8D6B405-6789-4222-B8A2-BAA9B4F66236}.Release|Any CPU.Build.0 = Release|Any CPU
		{C6591074-28B7-4306-95F4-CEBF98AA54FE}.Debug|Any CPU.ActiveCfg = Debug|Any CPU
		{C6591074-28B7-4306-95F4-CEBF98AA54FE}.Debug|Any CPU.Build.0 = Debug|Any CPU
		{C6591074-28B7-4306-95F4-CEBF98AA54FE}.Release|Any CPU.ActiveCfg = Release|Any CPU
		{C6591074-28B7-4306-95F4-CEBF98AA54FE}.Release|Any CPU.Build.0 = Release|Any CPU
	EndGlobalSection
	GlobalSection(SolutionProperties) = preSolution
		HideSolutionNode = FALSE
	EndGlobalSection
	GlobalSection(ExtensibilityGlobals) = postSolution
		SolutionGuid = {F47C573C-A1B4-478D-81CD-9BE4D4A296F6}
	EndGlobalSection
EndGlobal
